
Microsoft Visual Studio Solution File, Format Version 11.00
# Visual C# Express 2010
Project("{FAE04EC0-301F-11D3-BF4B-00C04F79EFBC}") = "Exercicios20180306_5", "Exercicios20180306_5\Exercicios20180306_5.csproj", "{425909BF-A415-4153-AA43-9F5D6931991B}"
EndProject
Global
	GlobalSection(SolutionConfigurationPlatforms) = preSolution
		Debug|x86 = Debug|x86
		Release|x86 = Release|x86
	EndGlobalSection
	GlobalSection(ProjectConfigurationPlatforms) = postSolution
		{425909BF-A415-4153-AA43-9F5D6931991B}.Debug|x86.ActiveCfg = Debug|x86
		{425909BF-A415-4153-AA43-9F5D6931991B}.Debug|x86.Build.0 = Debug|x86
		{425909BF-A415-4153-AA43-9F5D6931991B}.Release|x86.ActiveCfg = Release|x86
		{425909BF-A415-4153-AA43-9F5D6931991B}.Release|x86.Build.0 = Release|x86
	EndGlobalSection
	GlobalSection(SolutionProperties) = preSolution
		HideSolutionNode = FALSE
	EndGlobalSection
EndGlobal
