
Microsoft Visual Studio Solution File, Format Version 11.00
# Visual C# Express 2010
Project("{FAE04EC0-301F-11D3-BF4B-00C04F79EFBC}") = "CalculoMedia", "CalculoMedia\CalculoMedia.csproj", "{644393C8-E4B8-4B38-8AF5-164910122B87}"
EndProject
Global
	GlobalSection(SolutionConfigurationPlatforms) = preSolution
		Debug|x86 = Debug|x86
		Release|x86 = Release|x86
	EndGlobalSection
	GlobalSection(ProjectConfigurationPlatforms) = postSolution
		{644393C8-E4B8-4B38-8AF5-164910122B87}.Debug|x86.ActiveCfg = Debug|x86
		{644393C8-E4B8-4B38-8AF5-164910122B87}.Debug|x86.Build.0 = Debug|x86
		{644393C8-E4B8-4B38-8AF5-164910122B87}.Release|x86.ActiveCfg = Release|x86
		{644393C8-E4B8-4B38-8AF5-164910122B87}.Release|x86.Build.0 = Release|x86
	EndGlobalSection
	GlobalSection(SolutionProperties) = preSolution
		HideSolutionNode = FALSE
	EndGlobalSection
EndGlobal
