
Microsoft Visual Studio Solution File, Format Version 11.00
# Visual C# Express 2010
Project("{FAE04EC0-301F-11D3-BF4B-00C04F79EFBC}") = "Aula2_Exemplo9", "Aula2_Exemplo9\Aula2_Exemplo9.csproj", "{88F53748-B867-4E96-AF0C-55C8D397BC4D}"
EndProject
Global
	GlobalSection(SolutionConfigurationPlatforms) = preSolution
		Debug|x86 = Debug|x86
		Release|x86 = Release|x86
	EndGlobalSection
	GlobalSection(ProjectConfigurationPlatforms) = postSolution
		{88F53748-B867-4E96-AF0C-55C8D397BC4D}.Debug|x86.ActiveCfg = Debug|x86
		{88F53748-B867-4E96-AF0C-55C8D397BC4D}.Debug|x86.Build.0 = Debug|x86
		{88F53748-B867-4E96-AF0C-55C8D397BC4D}.Release|x86.ActiveCfg = Release|x86
		{88F53748-B867-4E96-AF0C-55C8D397BC4D}.Release|x86.Build.0 = Release|x86
	EndGlobalSection
	GlobalSection(SolutionProperties) = preSolution
		HideSolutionNode = FALSE
	EndGlobalSection
EndGlobal
